
Microsoft Visual Studio Solution File, Format Version 12.00
# Visual Studio Version 17
VisualStudioVersion = 17.8.34330.188
MinimumVisualStudioVersion = 10.0.40219.1
Project("{9A19103F-16F7-4668-BE54-9A1E7A4F7556}") = "FiniteElementAnalysis", "CSharp\FiniteElementAnalysis.csproj", "{F322C858-9FDF-477B-9911-269E81BC1E90}"
EndProject
Project("{9A19103F-16F7-4668-BE54-9A1E7A4F7556}") = "LinearStaticAnalysisExample", "LinearStaticAnalysisExample\LinearStaticAnalysisExample.csproj", "{11852537-FE52-4D27-B24A-5139FF4EE0F3}"
EndProject
Project("{9A19103F-16F7-4668-BE54-9A1E7A4F7556}") = "SimpleCurrentDensityExample", "SimpleCurrentDensityExample\SimpleCurrentDensityExample.csproj", "{EC8128E2-B8DC-4CDF-AF14-237166C18AE3}"
EndProject
Project("{9A19103F-16F7-4668-BE54-9A1E7A4F7556}") = "SimpleMagneticConductionAnalysis", "SimpleMagneticConductionAnalysis\SimpleMagneticConductionAnalysis.csproj", "{5865824F-94B6-4E63-8391-C723AA151FBA}"
EndProject
Project("{9A19103F-16F7-4668-BE54-9A1E7A4F7556}") = "StaticHeatConductionExperimentation", "StaticHeatConductionExperimentation\StaticHeatConductionExperimentation.csproj", "{3435CE68-09D4-4ECB-ABB7-A3B3B8543838}"
EndProject
Project("{9A19103F-16F7-4668-BE54-9A1E7A4F7556}") = "TotoidMagneticConductionExample", "TotoidMagneticConductionExample\TotoidMagneticConductionExample.csproj", "{DE9DC1F3-F1B3-46AA-A9E8-B6AE77AA7CF1}"
EndProject
Project("{9A19103F-16F7-4668-BE54-9A1E7A4F7556}") = "Core", "..\shared-public\Core\CSharp\Core.csproj", "{A2BA7C87-5F47-4620-8D23-78D4DDBA58B0}"
EndProject
Project("{9A19103F-16F7-4668-BE54-9A1E7A4F7556}") = "MagneticConeExample", "MagneticConeExample\MagneticConeExample.csproj", "{A7175B2B-7D24-4478-9428-BF1BCDC7B7AC}"
EndProject
Global
	GlobalSection(SolutionConfigurationPlatforms) = preSolution
		Debug|Any CPU = Debug|Any CPU
		Release|Any CPU = Release|Any CPU
	EndGlobalSection
	GlobalSection(ProjectConfigurationPlatforms) = postSolution
		{F322C858-9FDF-477B-9911-269E81BC1E90}.Debug|Any CPU.ActiveCfg = Debug|Any CPU
		{F322C858-9FDF-477B-9911-269E81BC1E90}.Debug|Any CPU.Build.0 = Debug|Any CPU
		{F322C858-9FDF-477B-9911-269E81BC1E90}.Release|Any CPU.ActiveCfg = Release|Any CPU
		{F322C858-9FDF-477B-9911-269E81BC1E90}.Release|Any CPU.Build.0 = Release|Any CPU
		{11852537-FE52-4D27-B24A-5139FF4EE0F3}.Debug|Any CPU.ActiveCfg = Debug|Any CPU
		{11852537-FE52-4D27-B24A-5139FF4EE0F3}.Debug|Any CPU.Build.0 = Debug|Any CPU
		{11852537-FE52-4D27-B24A-5139FF4EE0F3}.Release|Any CPU.ActiveCfg = Release|Any CPU
		{11852537-FE52-4D27-B24A-5139FF4EE0F3}.Release|Any CPU.Build.0 = Release|Any CPU
		{EC8128E2-B8DC-4CDF-AF14-237166C18AE3}.Debug|Any CPU.ActiveCfg = Debug|Any CPU
		{EC8128E2-B8DC-4CDF-AF14-237166C18AE3}.Debug|Any CPU.Build.0 = Debug|Any CPU
		{EC8128E2-B8DC-4CDF-AF14-237166C18AE3}.Release|Any CPU.ActiveCfg = Release|Any CPU
		{EC8128E2-B8DC-4CDF-AF14-237166C18AE3}.Release|Any CPU.Build.0 = Release|Any CPU
		{5865824F-94B6-4E63-8391-C723AA151FBA}.Debug|Any CPU.ActiveCfg = Debug|Any CPU
		{5865824F-94B6-4E63-8391-C723AA151FBA}.Debug|Any CPU.Build.0 = Debug|Any CPU
		{5865824F-94B6-4E63-8391-C723AA151FBA}.Release|Any CPU.ActiveCfg = Release|Any CPU
		{5865824F-94B6-4E63-8391-C723AA151FBA}.Release|Any CPU.Build.0 = Release|Any CPU
		{3435CE68-09D4-4ECB-ABB7-A3B3B8543838}.Debug|Any CPU.ActiveCfg = Debug|Any CPU
		{3435CE68-09D4-4ECB-ABB7-A3B3B8543838}.Debug|Any CPU.Build.0 = Debug|Any CPU
		{3435CE68-09D4-4ECB-ABB7-A3B3B8543838}.Release|Any CPU.ActiveCfg = Release|Any CPU
		{3435CE68-09D4-4ECB-ABB7-A3B3B8543838}.Release|Any CPU.Build.0 = Release|Any CPU
		{DE9DC1F3-F1B3-46AA-A9E8-B6AE77AA7CF1}.Debug|Any CPU.ActiveCfg = Debug|Any CPU
		{DE9DC1F3-F1B3-46AA-A9E8-B6AE77AA7CF1}.Debug|Any CPU.Build.0 = Debug|Any CPU
		{DE9DC1F3-F1B3-46AA-A9E8-B6AE77AA7CF1}.Release|Any CPU.ActiveCfg = Release|Any CPU
		{DE9DC1F3-F1B3-46AA-A9E8-B6AE77AA7CF1}.Release|Any CPU.Build.0 = Release|Any CPU
		{A2BA7C87-5F47-4620-8D23-78D4DDBA58B0}.Debug|Any CPU.ActiveCfg = Debug|Any CPU
		{A2BA7C87-5F47-4620-8D23-78D4DDBA58B0}.Debug|Any CPU.Build.0 = Debug|Any CPU
		{A2BA7C87-5F47-4620-8D23-78D4DDBA58B0}.Release|Any CPU.ActiveCfg = Release|Any CPU
		{A2BA7C87-5F47-4620-8D23-78D4DDBA58B0}.Release|Any CPU.Build.0 = Release|Any CPU
		{A7175B2B-7D24-4478-9428-BF1BCDC7B7AC}.Debug|Any CPU.ActiveCfg = Debug|Any CPU
		{A7175B2B-7D24-4478-9428-BF1BCDC7B7AC}.Debug|Any CPU.Build.0 = Debug|Any CPU
		{A7175B2B-7D24-4478-9428-BF1BCDC7B7AC}.Release|Any CPU.ActiveCfg = Release|Any CPU
		{A7175B2B-7D24-4478-9428-BF1BCDC7B7AC}.Release|Any CPU.Build.0 = Release|Any CPU
	EndGlobalSection
	GlobalSection(SolutionProperties) = preSolution
		HideSolutionNode = FALSE
	EndGlobalSection
	GlobalSection(ExtensibilityGlobals) = postSolution
		SolutionGuid = {46F28E42-26D9-42FD-AE1A-9F0FA20B8ED9}
	EndGlobalSection
EndGlobal
